
Microsoft Visual Studio Solution File, Format Version 12.00
# Visual Studio Version 16
VisualStudioVersion = 16.0.30621.155
MinimumVisualStudioVersion = 10.0.40219.1
Project("{FAE04EC0-301F-11D3-BF4B-00C04F79EFBC}") = "Employees_Csharp", "Employees_Csharp\Employees_Csharp.csproj", "{295BB942-02EF-43F1-B6C3-986D7CA63EE6}"
EndProject
Global
	GlobalSection(SolutionConfigurationPlatforms) = preSolution
		Debug|Any CPU = Debug|Any CPU
		Release|Any CPU = Release|Any CPU
	EndGlobalSection
	GlobalSection(ProjectConfigurationPlatforms) = postSolution
		{295BB942-02EF-43F1-B6C3-986D7CA63EE6}.Debug|Any CPU.ActiveCfg = Debug|Any CPU
		{295BB942-02EF-43F1-B6C3-986D7CA63EE6}.Debug|Any CPU.Build.0 = Debug|Any CPU
		{295BB942-02EF-43F1-B6C3-986D7CA63EE6}.Release|Any CPU.ActiveCfg = Release|Any CPU
		{295BB942-02EF-43F1-B6C3-986D7CA63EE6}.Release|Any CPU.Build.0 = Release|Any CPU
	EndGlobalSection
	GlobalSection(SolutionProperties) = preSolution
		HideSolutionNode = FALSE
	EndGlobalSection
	GlobalSection(ExtensibilityGlobals) = postSolution
		SolutionGuid = {0A56C774-D6F2-4D8F-9EDB-F64D14D77F29}
	EndGlobalSection
EndGlobal
